// !$*UTF8*$!
{
	archiveVersion = 1;
	classes = {
	};
	objectVersion = 46;
	objects = {

/* Begin PBXBuildFile section */
		5E8C890918DDB77300E9D521 /* Foundation.framework in Frameworks */ = {isa = PBXBuildFile; fileRef = 5E8C890818DDB77300E9D521 /* Foundation.framework */; };
		5E8C890B18DDB77300E9D521 /* CoreGraphics.framework in Frameworks */ = {isa = PBXBuildFile; fileRef = 5E8C890A18DDB77300E9D521 /* CoreGraphics.framework */; };
		5E8C890D18DDB77300E9D521 /* UIKit.framework in Frameworks */ = {isa = PBXBuildFile; fileRef = 5E8C890C18DDB77300E9D521 /* UIKit.framework */; };
		5E8C891318DDB77300E9D521 /* InfoPlist.strings in Resources */ = {isa = PBXBuildFile; fileRef = 5E8C891118DDB77300E9D521 /* InfoPlist.strings */; };
		5E8C891518DDB77300E9D521 /* main.m in Sources */ = {isa = PBXBuildFile; fileRef = 5E8C891418DDB77300E9D521 /* main.m */; };
		5E8C891918DDB77300E9D521 /* ARAppDelegate.m in Sources */ = {isa = PBXBuildFile; fileRef = 5E8C891818DDB77300E9D521 /* ARAppDelegate.m */; };
		5E8C891B18DDB77300E9D521 /* Images.xcassets in Resources */ = {isa = PBXBuildFile; fileRef = 5E8C891A18DDB77300E9D521 /* Images.xcassets */; };
		5E8C892218DDB77300E9D521 /* XCTest.framework in Frameworks */ = {isa = PBXBuildFile; fileRef = 5E8C892118DDB77300E9D521 /* XCTest.framework */; };
		5E8C892318DDB77300E9D521 /* Foundation.framework in Frameworks */ = {isa = PBXBuildFile; fileRef = 5E8C890818DDB77300E9D521 /* Foundation.framework */; };
		5E8C892418DDB77300E9D521 /* UIKit.framework in Frameworks */ = {isa = PBXBuildFile; fileRef = 5E8C890C18DDB77300E9D521 /* UIKit.framework */; };
		5E8C892C18DDB77300E9D521 /* InfoPlist.strings in Resources */ = {isa = PBXBuildFile; fileRef = 5E8C892A18DDB77300E9D521 /* InfoPlist.strings */; };
		5E8C892E18DDB77300E9D521 /* ARCollectionViewTestTests.m in Sources */ = {isa = PBXBuildFile; fileRef = 5E8C892D18DDB77300E9D521 /* ARCollectionViewTestTests.m */; };
/* End PBXBuildFile section */

/* Begin PBXContainerItemProxy section */
		5E8C892518DDB77300E9D521 /* PBXContainerItemProxy */ = {
			isa = PBXContainerItemProxy;
			containerPortal = 5E8C88FD18DDB77300E9D521 /* Project object */;
			proxyType = 1;
			remoteGlobalIDString = 5E8C890418DDB77300E9D521;
			remoteInfo = ARCollectionViewTest;
		};
/* End PBXContainerItemProxy section */

/* Begin PBXFileReference section */
		5E8C890518DDB77300E9D521 /* ARCollectionViewTest.app */ = {isa = PBXFileReference; explicitFileType = wrapper.application; includeInIndex = 0; path = ARCollectionViewTest.app; sourceTree = BUILT_PRODUCTS_DIR; };
		5E8C890818DDB77300E9D521 /* Foundation.framework */ = {isa = PBXFileReference; lastKnownFileType = wrapper.framework; name = Foundation.framework; path = System/Library/Frameworks/Foundation.framework; sourceTree = SDKROOT; };
		5E8C890A18DDB77300E9D521 /* CoreGraphics.framework */ = {isa = PBXFileReference; lastKnownFileType = wrapper.framework; name = CoreGraphics.framework; path = System/Library/Frameworks/CoreGraphics.framework; sourceTree = SDKROOT; };
		5E8C890C18DDB77300E9D521 /* UIKit.framework */ = {isa = PBXFileReference; lastKnownFileType = wrapper.framework; name = UIKit.framework; path = System/Library/Frameworks/UIKit.framework; sourceTree = SDKROOT; };
		5E8C891018DDB77300E9D521 /* ARCollectionViewTest-Info.plist */ = {isa = PBXFileReference; lastKnownFileType = text.plist.xml; path = "ARCollectionViewTest-Info.plist"; sourceTree = "<group>"; };
		5E8C891218DDB77300E9D521 /* en */ = {isa = PBXFileReference; lastKnownFileType = text.plist.strings; name = en; path = en.lproj/InfoPlist.strings; sourceTree = "<group>"; };
		5E8C891418DDB77300E9D521 /* main.m */ = {isa = PBXFileReference; lastKnownFileType = sourcecode.c.objc; path = main.m; sourceTree = "<group>"; };
		5E8C891618DDB77300E9D521 /* ARCollectionViewTest-Prefix.pch */ = {isa = PBXFileReference; lastKnownFileType = sourcecode.c.h; path = "ARCollectionViewTest-Prefix.pch"; sourceTree = "<group>"; };
		5E8C891718DDB77300E9D521 /* ARAppDelegate.h */ = {isa = PBXFileReference; lastKnownFileType = sourcecode.c.h; path = ARAppDelegate.h; sourceTree = "<group>"; };
		5E8C891818DDB77300E9D521 /* ARAppDelegate.m */ = {isa = PBXFileReference; lastKnownFileType = sourcecode.c.objc; path = ARAppDelegate.m; sourceTree = "<group>"; };
		5E8C891A18DDB77300E9D521 /* Images.xcassets */ = {isa = PBXFileReference; lastKnownFileType = folder.assetcatalog; path = Images.xcassets; sourceTree = "<group>"; };
		5E8C892018DDB77300E9D521 /* ARCollectionViewTestTests.xctest */ = {isa = PBXFileReference; explicitFileType = wrapper.cfbundle; includeInIndex = 0; path = ARCollectionViewTestTests.xctest; sourceTree = BUILT_PRODUCTS_DIR; };
		5E8C892118DDB77300E9D521 /* XCTest.framework */ = {isa = PBXFileReference; lastKnownFileType = wrapper.framework; name = XCTest.framework; path = Library/Frameworks/XCTest.framework; sourceTree = DEVELOPER_DIR; };
		5E8C892918DDB77300E9D521 /* ARCollectionViewTestTests-Info.plist */ = {isa = PBXFileReference; lastKnownFileType = text.plist.xml; path = "ARCollectionViewTestTests-Info.plist"; sourceTree = "<group>"; };
		5E8C892B18DDB77300E9D521 /* en */ = {isa = PBXFileReference; lastKnownFileType = text.plist.strings; name = en; path = en.lproj/InfoPlist.strings; sourceTree = "<group>"; };
		5E8C892D18DDB77300E9D521 /* ARCollectionViewTestTests.m */ = {isa = PBXFileReference; lastKnownFileType = sourcecode.c.objc; path = ARCollectionViewTestTests.m; sourceTree = "<group>"; };
/* End PBXFileReference section */

/* Begin PBXFrameworksBuildPhase section */
		5E8C890218DDB77300E9D521 /* Frameworks */ = {
			isa = PBXFrameworksBuildPhase;
			buildActionMask = 2147483647;
			files = (
				5E8C890B18DDB77300E9D521 /* CoreGraphics.framework in Frameworks */,
				5E8C890D18DDB77300E9D521 /* UIKit.framework in Frameworks */,
				5E8C890918DDB77300E9D521 /* Foundation.framework in Frameworks */,
			);
			runOnlyForDeploymentPostprocessing = 0;
		};
		5E8C891D18DDB77300E9D521 /* Frameworks */ = {
			isa = PBXFrameworksBuildPhase;
			buildActionMask = 2147483647;
			files = (
				5E8C892218DDB77300E9D521 /* XCTest.framework in Frameworks */,
				5E8C892418DDB77300E9D521 /* UIKit.framework in Frameworks */,
				5E8C892318DDB77300E9D521 /* Foundation.framework in Frameworks */,
			);
			runOnlyForDeploymentPostprocessing = 0;
		};
/* End PBXFrameworksBuildPhase section */

/* Begin PBXGroup section */
		5E8C88FC18DDB77300E9D521 = {
			isa = PBXGroup;
			children = (
				5E8C890E18DDB77300E9D521 /* ARCollectionViewTest */,
				5E8C892718DDB77300E9D521 /* ARCollectionViewTestTests */,
				5E8C890718DDB77300E9D521 /* Frameworks */,
				5E8C890618DDB77300E9D521 /* Products */,
			);
			sourceTree = "<group>";
		};
		5E8C890618DDB77300E9D521 /* Products */ = {
			isa = PBXGroup;
			children = (
				5E8C890518DDB77300E9D521 /* ARCollectionViewTest.app */,
				5E8C892018DDB77300E9D521 /* ARCollectionViewTestTests.xctest */,
			);
			name = Products;
			sourceTree = "<group>";
		};
		5E8C890718DDB77300E9D521 /* Frameworks */ = {
			isa = PBXGroup;
			children = (
				5E8C890818DDB77300E9D521 /* Foundation.framework */,
				5E8C890A18DDB77300E9D521 /* CoreGraphics.framework */,
				5E8C890C18DDB77300E9D521 /* UIKit.framework */,
				5E8C892118DDB77300E9D521 /* XCTest.framework */,
			);
			name = Frameworks;
			sourceTree = "<group>";
		};
		5E8C890E18DDB77300E9D521 /* ARCollectionViewTest */ = {
			isa = PBXGroup;
			children = (
				5E8C891718DDB77300E9D521 /* ARAppDelegate.h */,
				5E8C891818DDB77300E9D521 /* ARAppDelegate.m */,
				5E8C891A18DDB77300E9D521 /* Images.xcassets */,
				5E8C890F18DDB77300E9D521 /* Supporting Files */,
			);
			path = ARCollectionViewTest;
			sourceTree = "<group>";
		};
		5E8C890F18DDB77300E9D521 /* Supporting Files */ = {
			isa = PBXGroup;
			children = (
				5E8C891018DDB77300E9D521 /* ARCollectionViewTest-Info.plist */,
				5E8C891118DDB77300E9D521 /* InfoPlist.strings */,
				5E8C891418DDB77300E9D521 /* main.m */,
				5E8C891618DDB77300E9D521 /* ARCollectionViewTest-Prefix.pch */,
			);
			name = "Supporting Files";
			sourceTree = "<group>";
		};
		5E8C892718DDB77300E9D521 /* ARCollectionViewTestTests */ = {
			isa = PBXGroup;
			children = (
				5E8C892D18DDB77300E9D521 /* ARCollectionViewTestTests.m */,
				5E8C892818DDB77300E9D521 /* Supporting Files */,
			);
			path = ARCollectionViewTestTests;
			sourceTree = "<group>";
		};
		5E8C892818DDB77300E9D521 /* Supporting Files */ = {
			isa = PBXGroup;
			children = (
				5E8C892918DDB77300E9D521 /* ARCollectionViewTestTests-Info.plist */,
				5E8C892A18DDB77300E9D521 /* InfoPlist.strings */,
			);
			name = "Supporting Files";
			sourceTree = "<group>";
		};
/* End PBXGroup section */

/* Begin PBXNativeTarget section */
		5E8C890418DDB77300E9D521 /* ARCollectionViewTest */ = {
			isa = PBXNativeTarget;
			buildConfigurationList = 5E8C893118DDB77300E9D521 /* Build configuration list for PBXNativeTarget "ARCollectionViewTest" */;
			buildPhases = (
				5E8C890118DDB77300E9D521 /* Sources */,
				5E8C890218DDB77300E9D521 /* Frameworks */,
				5E8C890318DDB77300E9D521 /* Resources */,
			);
			buildRules = (
			);
			dependencies = (
			);
			name = ARCollectionViewTest;
			productName = ARCollectionViewTest;
			productReference = 5E8C890518DDB77300E9D521 /* ARCollectionViewTest.app */;
			productType = "com.apple.product-type.application";
		};
		5E8C891F18DDB77300E9D521 /* ARCollectionViewTestTests */ = {
			isa = PBXNativeTarget;
			buildConfigurationList = 5E8C893418DDB77300E9D521 /* Build configuration list for PBXNativeTarget "ARCollectionViewTestTests" */;
			buildPhases = (
				5E8C891C18DDB77300E9D521 /* Sources */,
				5E8C891D18DDB77300E9D521 /* Frameworks */,
				5E8C891E18DDB77300E9D521 /* Resources */,
			);
			buildRules = (
			);
			dependencies = (
				5E8C892618DDB77300E9D521 /* PBXTargetDependency */,
			);
			name = ARCollectionViewTestTests;
			productName = ARCollectionViewTestTests;
			productReference = 5E8C892018DDB77300E9D521 /* ARCollectionViewTestTests.xctest */;
			productType = "com.apple.product-type.bundle.unit-test";
		};
/* End PBXNativeTarget section */

/* Begin PBXProject section */
		5E8C88FD18DDB77300E9D521 /* Project object */ = {
			isa = PBXProject;
			attributes = {
				CLASSPREFIX = AR;
				LastUpgradeCheck = 0510;
				ORGANIZATIONNAME = Artsy;
				TargetAttributes = {
					5E8C891F18DDB77300E9D521 = {
						TestTargetID = 5E8C890418DDB77300E9D521;
					};
				};
			};
			buildConfigurationList = 5E8C890018DDB77300E9D521 /* Build configuration list for PBXProject "ARCollectionViewTest" */;
			compatibilityVersion = "Xcode 3.2";
			developmentRegion = English;
			hasScannedForEncodings = 0;
			knownRegions = (
				en,
			);
			mainGroup = 5E8C88FC18DDB77300E9D521;
			productRefGroup = 5E8C890618DDB77300E9D521 /* Products */;
			projectDirPath = "";
			projectRoot = "";
			targets = (
				5E8C890418DDB77300E9D521 /* ARCollectionViewTest */,
				5E8C891F18DDB77300E9D521 /* ARCollectionViewTestTests */,
			);
		};
/* End PBXProject section */

/* Begin PBXResourcesBuildPhase section */
		5E8C890318DDB77300E9D521 /* Resources */ = {
			isa = PBXResourcesBuildPhase;
			buildActionMask = 2147483647;
			files = (
				5E8C891318DDB77300E9D521 /* InfoPlist.strings in Resources */,
				5E8C891B18DDB77300E9D521 /* Images.xcassets in Resources */,
			);
			runOnlyForDeploymentPostprocessing = 0;
		};
		5E8C891E18DDB77300E9D521 /* Resources */ = {
			isa = PBXResourcesBuildPhase;
			buildActionMask = 2147483647;
			files = (
				5E8C892C18DDB77300E9D521 /* InfoPlist.strings in Resources */,
			);
			runOnlyForDeploymentPostprocessing = 0;
		};
/* End PBXResourcesBuildPhase section */

/* Begin PBXSourcesBuildPhase section */
		5E8C890118DDB77300E9D521 /* Sources */ = {
			isa = PBXSourcesBuildPhase;
			buildActionMask = 2147483647;
			files = (
				5E8C891518DDB77300E9D521 /* main.m in Sources */,
				5E8C891918DDB77300E9D521 /* ARAppDelegate.m in Sources */,
			);
			runOnlyForDeploymentPostprocessing = 0;
		};
		5E8C891C18DDB77300E9D521 /* Sources */ = {
			isa = PBXSourcesBuildPhase;
			buildActionMask = 2147483647;
			files = (
				5E8C892E18DDB77300E9D521 /* ARCollectionViewTestTests.m in Sources */,
			);
			runOnlyForDeploymentPostprocessing = 0;
		};
/* End PBXSourcesBuildPhase section */

/* Begin PBXTargetDependency section */
		5E8C892618DDB77300E9D521 /* PBXTargetDependency */ = {
			isa = PBXTargetDependency;
			target = 5E8C890418DDB77300E9D521 /* ARCollectionViewTest */;
			targetProxy = 5E8C892518DDB77300E9D521 /* PBXContainerItemProxy */;
		};
/* End PBXTargetDependency section */

/* Begin PBXVariantGroup section */
		5E8C891118DDB77300E9D521 /* InfoPlist.strings */ = {
			isa = PBXVariantGroup;
			children = (
				5E8C891218DDB77300E9D521 /* en */,
			);
			name = InfoPlist.strings;
			sourceTree = "<group>";
		};
		5E8C892A18DDB77300E9D521 /* InfoPlist.strings */ = {
			isa = PBXVariantGroup;
			children = (
				5E8C892B18DDB77300E9D521 /* en */,
			);
			name = InfoPlist.strings;
			sourceTree = "<group>";
		};
/* End PBXVariantGroup section */

/* Begin XCBuildConfiguration section */
		5E8C892F18DDB77300E9D521 /* Debug */ = {
			isa = XCBuildConfiguration;
			buildSettings = {
				ALWAYS_SEARCH_USER_PATHS = NO;
				CLANG_CXX_LANGUAGE_STANDARD = "gnu++0x";
				CLANG_CXX_LIBRARY = "libc++";
				CLANG_ENABLE_MODULES = YES;
				CLANG_ENABLE_OBJC_ARC = YES;
				CLANG_WARN_BOOL_CONVERSION = YES;
				CLANG_WARN_CONSTANT_CONVERSION = YES;
				CLANG_WARN_DIRECT_OBJC_ISA_USAGE = YES_ERROR;
				CLANG_WARN_EMPTY_BODY = YES;
				CLANG_WARN_ENUM_CONVERSION = YES;
				CLANG_WARN_INT_CONVERSION = YES;
				CLANG_WARN_OBJC_ROOT_CLASS = YES_ERROR;
				CLANG_WARN__DUPLICATE_METHOD_MATCH = YES;
				"CODE_SIGN_IDENTITY[sdk=iphoneos*]" = "iPhone Developer";
				COPY_PHASE_STRIP = NO;
				GCC_C_LANGUAGE_STANDARD = gnu99;
				GCC_DYNAMIC_NO_PIC = NO;
				GCC_OPTIMIZATION_LEVEL = 0;
				GCC_PREPROCESSOR_DEFINITIONS = (
					"DEBUG=1",
					"$(inherited)",
				);
				GCC_SYMBOLS_PRIVATE_EXTERN = NO;
				GCC_WARN_64_TO_32_BIT_CONVERSION = YES;
				GCC_WARN_ABOUT_RETURN_TYPE = YES_ERROR;
				GCC_WARN_UNDECLARED_SELECTOR = YES;
				GCC_WARN_UNINITIALIZED_AUTOS = YES_AGGRESSIVE;
				GCC_WARN_UNUSED_FUNCTION = YES;
				GCC_WARN_UNUSED_VARIABLE = YES;
				IPHONEOS_DEPLOYMENT_TARGET = 7.1;
				ONLY_ACTIVE_ARCH = YES;
				SDKROOT = iphoneos;
			};
			name = Debug;
		};
		5E8C893018DDB77300E9D521 /* Release */ = {
			isa = XCBuildConfiguration;
			buildSettings = {
				ALWAYS_SEARCH_USER_PATHS = NO;
				CLANG_CXX_LANGUAGE_STANDARD = "gnu++0x";
				CLANG_CXX_LIBRARY = "libc++";
				CLANG_ENABLE_MODULES = YES;
				CLANG_ENABLE_OBJC_ARC = YES;
				CLANG_WARN_BOOL_CONVERSION = YES;
				CLANG_WARN_CONSTANT_CONVERSION = YES;
				CLANG_WARN_DIRECT_OBJC_ISA_USAGE = YES_ERROR;
				CLANG_WARN_EMPTY_BODY = YES;
				CLANG_WARN_ENUM_CONVERSION = YES;
				CLANG_WARN_INT_CONVERSION = YES;
				CLANG_WARN_OBJC_ROOT_CLASS = YES_ERROR;
				CLANG_WARN__DUPLICATE_METHOD_MATCH = YES;
				"CODE_SIGN_IDENTITY[sdk=iphoneos*]" = "iPhone Developer";
				COPY_PHASE_STRIP = YES;
				ENABLE_NS_ASSERTIONS = NO;
				GCC_C_LANGUAGE_STANDARD = gnu99;
				GCC_WARN_64_TO_32_BIT_CONVERSION = YES;
				GCC_WARN_ABOUT_RETURN_TYPE = YES_ERROR;
				GCC_WARN_UNDECLARED_SELECTOR = YES;
				GCC_WARN_UNINITIALIZED_AUTOS = YES_AGGRESSIVE;
				GCC_WARN_UNUSED_FUNCTION = YES;
				GCC_WARN_UNUSED_VARIABLE = YES;
				IPHONEOS_DEPLOYMENT_TARGET = 7.1;
				SDKROOT = iphoneos;
				VALIDATE_PRODUCT = YES;
			};
			name = Release;
		};
		5E8C893218DDB77300E9D521 /* Debug */ = {
			isa = XCBuildConfiguration;
			buildSettings = {
				ASSETCATALOG_COMPILER_APPICON_NAME = AppIcon;
				ASSETCATALOG_COMPILER_LAUNCHIMAGE_NAME = LaunchImage;
				GCC_PRECOMPILE_PREFIX_HEADER = YES;
				GCC_PREFIX_HEADER = "ARCollectionViewTest/ARCollectionViewTest-Prefix.pch";
				INFOPLIST_FILE = "ARCollectionViewTest/ARCollectionViewTest-Info.plist";
				PRODUCT_NAME = "$(TARGET_NAME)";
				WRAPPER_EXTENSION = app;
			};
			name = Debug;
		};
		5E8C893318DDB77300E9D521 /* Release */ = {
			isa = XCBuildConfiguration;
			buildSettings = {
				ASSETCATALOG_COMPILER_APPICON_NAME = AppIcon;
				ASSETCATALOG_COMPILER_LAUNCHIMAGE_NAME = LaunchImage;
				GCC_PRECOMPILE_PREFIX_HEADER = YES;
				GCC_PREFIX_HEADER = "ARCollectionViewTest/ARCollectionViewTest-Prefix.pch";
				INFOPLIST_FILE = "ARCollectionViewTest/ARCollectionViewTest-Info.plist";
				PRODUCT_NAME = "$(TARGET_NAME)";
				WRAPPER_EXTENSION = app;
			};
			name = Release;
		};
		5E8C893518DDB77300E9D521 /* Debug */ = {
			isa = XCBuildConfiguration;
			buildSettings = {
				BUNDLE_LOADER = "$(BUILT_PRODUCTS_DIR)/ARCollectionViewTest.app/ARCollectionViewTest";
				FRAMEWORK_SEARCH_PATHS = (
					"$(SDKROOT)/Developer/Library/Frameworks",
					"$(inherited)",
					"$(DEVELOPER_FRAMEWORKS_DIR)",
				);
				GCC_PRECOMPILE_PREFIX_HEADER = YES;
				GCC_PREFIX_HEADER = "ARCollectionViewTest/ARCollectionViewTest-Prefix.pch";
				GCC_PREPROCESSOR_DEFINITIONS = (
					"DEBUG=1",
					"$(inherited)",
				);
				INFOPLIST_FILE = "ARCollectionViewTestTests/ARCollectionViewTestTests-Info.plist";
				PRODUCT_NAME = "$(TARGET_NAME)";
				TEST_HOST = "$(BUNDLE_LOADER)";
				WRAPPER_EXTENSION = xctest;
			};
			name = Debug;
		};
		5E8C893618DDB77300E9D521 /* Release */ = {
			isa = XCBuildConfiguration;
			buildSettings = {
				BUNDLE_LOADER = "$(BUILT_PRODUCTS_DIR)/ARCollectionViewTest.app/ARCollectionViewTest";
				FRAMEWORK_SEARCH_PATHS = (
					"$(SDKROOT)/Developer/Library/Frameworks",
					"$(inherited)",
					"$(DEVELOPER_FRAMEWORKS_DIR)",
				);
				GCC_PRECOMPILE_PREFIX_HEADER = YES;
				GCC_PREFIX_HEADER = "ARCollectionViewTest/ARCollectionViewTest-Prefix.pch";
				INFOPLIST_FILE = "ARCollectionViewTestTests/ARCollectionViewTestTests-Info.plist";
				PRODUCT_NAME = "$(TARGET_NAME)";
				TEST_HOST = "$(BUNDLE_LOADER)";
				WRAPPER_EXTENSION = xctest;
			};
			name = Release;
		};
/* End XCBuildConfiguration section */

/* Begin XCConfigurationList section */
		5E8C890018DDB77300E9D521 /* Build configuration list for PBXProject "ARCollectionViewTest" */ = {
			isa = XCConfigurationList;
			buildConfigurations = (
				5E8C892F18DDB77300E9D521 /* Debug */,
				5E8C893018DDB77300E9D521 /* Release */,
			);
			defaultConfigurationIsVisible = 0;
			defaultConfigurationName = Release;
		};
		5E8C893118DDB77300E9D521 /* Build configuration list for PBXNativeTarget "ARCollectionViewTest" */ = {
			isa = XCConfigurationList;
			buildConfigurations = (
				5E8C893218DDB77300E9D521 /* Debug */,
				5E8C893318DDB77300E9D521 /* Release */,
			);
			defaultConfigurationIsVisible = 0;
		};
		5E8C893418DDB77300E9D521 /* Build configuration list for PBXNativeTarget "ARCollectionViewTestTests" */ = {
			isa = XCConfigurationList;
			buildConfigurations = (
				5E8C893518DDB77300E9D521 /* Debug */,
				5E8C893618DDB77300E9D521 /* Release */,
			);
			defaultConfigurationIsVisible = 0;
		};
/* End XCConfigurationList section */
	};
	rootObject = 5E8C88FD18DDB77300E9D521 /* Project object */;
}
