PODS:
  - ARCollectionViewMasonryLayout (0.0.3)
  - EDColor (0.4.0)
  - Expecta (0.2.3)
  - EXPMatchers+FBSnapshotTest (1.1.0):
    - Expecta
    - FBSnapshotTestCase
  - FBSnapshotTestCase (1.1)
  - Specta (0.2.1)

DEPENDENCIES:
  - ARCollectionViewMasonryLayout (from `ARCollectionViewMasonryLayout.podspec`)
  - EDColor (= 0.4.0)
  - Expecta (= 0.2.3)
  - EXPMatchers+FBSnapshotTest (= 1.1)
  - FBSnapshotTestCase (= 1.1)
  - Specta (= 0.2.1)

EXTERNAL SOURCES:
  ARCollectionViewMasonryLayout:
    :path: ARCollectionViewMasonryLayout.podspec

SPEC CHECKSUMS:
  ARCollectionViewMasonryLayout: cae3a4bbec3a26fa4a7d8d98c531cec07b033242
  EDColor: bcdb8600b7a456f4408ce1d7e7fc001588919254
  Expecta: 578e0c29df79a96a159187599e2def686ef6a66c
  EXPMatchers+FBSnapshotTest: fcc428d6a5d4410c1711aeda4456c9c5e93f98d3
  FBSnapshotTestCase: 9053afee1d66b4c7c313fcb0ae582a5e47bea9d0
  Specta: 9141310f46b1f68b676650ff2854e1ed0b74163a

COCOAPODS: 0.33.1
