PODS:
  - ARCollectionViewMasonryLayout (0.0.3)
  - Expecta (0.2.4)
  - EXPMatchers+FBSnapshotTest (1.0):
    - Expecta
    - FBSnapshotTestCase
  - FBSnapshotTestCase (1.1)
  - Specta (0.2.1)

DEPENDENCIES:
  - ARCollectionViewMasonryLayout (from `ARCollectionViewMasonryLayout.podspec`)
  - Expecta (~> 0.2.3)
  - EXPMatchers+FBSnapshotTest (~> 1.0)
  - FBSnapshotTestCase (~> 1.1)
  - Specta (~> 0.2.1)

EXTERNAL SOURCES:
  ARCollectionViewMasonryLayout:
    :path: ARCollectionViewMasonryLayout.podspec

SPEC CHECKSUMS:
  ARCollectionViewMasonryLayout: cae3a4bbec3a26fa4a7d8d98c531cec07b033242
  Expecta: 112bcafa2304ee0f3c5e586505f24555a47b25d5
  EXPMatchers+FBSnapshotTest: 7caf515641ff88ea2bc2f1b1ab0754a510ab6e24
  FBSnapshotTestCase: 9053afee1d66b4c7c313fcb0ae582a5e47bea9d0
  Specta: 9141310f46b1f68b676650ff2854e1ed0b74163a

COCOAPODS: 0.33.1
